
Microsoft Visual Studio Solution File, Format Version 12.00
# Visual Studio 2013
VisualStudioVersion = 12.0.21005.1
MinimumVisualStudioVersion = 10.0.40219.1
Project("{FAE04EC0-301F-11D3-BF4B-00C04F79EFBC}") = "GUI", "DoAn\GUI.csproj", "{294B567B-CC4C-4FA7-85ED-5BAE2A41EDF9}"
EndProject
Project("{FAE04EC0-301F-11D3-BF4B-00C04F79EFBC}") = "BUS", "BUS\BUS.csproj", "{426E3EDD-44A6-4586-B1BB-DC9E8910C6FB}"
EndProject
Project("{FAE04EC0-301F-11D3-BF4B-00C04F79EFBC}") = "DAO", "DAO\DAO.csproj", "{6B54DCEC-2C8C-42A9-8517-A5A1CF9901F7}"
EndProject
Project("{FAE04EC0-301F-11D3-BF4B-00C04F79EFBC}") = "DTO", "DTO\DTO.csproj", "{46E54558-D5BD-4379-A64C-94BE39A3CBB3}"
EndProject
Global
	GlobalSection(SolutionConfigurationPlatforms) = preSolution
		Debug|Any CPU = Debug|Any CPU
		Release|Any CPU = Release|Any CPU
	EndGlobalSection
	GlobalSection(ProjectConfigurationPlatforms) = postSolution
		{294B567B-CC4C-4FA7-85ED-5BAE2A41EDF9}.Debug|Any CPU.ActiveCfg = Debug|Any CPU
		{294B567B-CC4C-4FA7-85ED-5BAE2A41EDF9}.Debug|Any CPU.Build.0 = Debug|Any CPU
		{294B567B-CC4C-4FA7-85ED-5BAE2A41EDF9}.Release|Any CPU.ActiveCfg = Release|Any CPU
		{294B567B-CC4C-4FA7-85ED-5BAE2A41EDF9}.Release|Any CPU.Build.0 = Release|Any CPU
		{426E3EDD-44A6-4586-B1BB-DC9E8910C6FB}.Debug|Any CPU.ActiveCfg = Debug|Any CPU
		{426E3EDD-44A6-4586-B1BB-DC9E8910C6FB}.Debug|Any CPU.Build.0 = Debug|Any CPU
		{426E3EDD-44A6-4586-B1BB-DC9E8910C6FB}.Release|Any CPU.ActiveCfg = Release|Any CPU
		{426E3EDD-44A6-4586-B1BB-DC9E8910C6FB}.Release|Any CPU.Build.0 = Release|Any CPU
		{6B54DCEC-2C8C-42A9-8517-A5A1CF9901F7}.Debug|Any CPU.ActiveCfg = Debug|Any CPU
		{6B54DCEC-2C8C-42A9-8517-A5A1CF9901F7}.Debug|Any CPU.Build.0 = Debug|Any CPU
		{6B54DCEC-2C8C-42A9-8517-A5A1CF9901F7}.Release|Any CPU.ActiveCfg = Release|Any CPU
		{6B54DCEC-2C8C-42A9-8517-A5A1CF9901F7}.Release|Any CPU.Build.0 = Release|Any CPU
		{46E54558-D5BD-4379-A64C-94BE39A3CBB3}.Debug|Any CPU.ActiveCfg = Debug|Any CPU
		{46E54558-D5BD-4379-A64C-94BE39A3CBB3}.Debug|Any CPU.Build.0 = Debug|Any CPU
		{46E54558-D5BD-4379-A64C-94BE39A3CBB3}.Release|Any CPU.ActiveCfg = Release|Any CPU
		{46E54558-D5BD-4379-A64C-94BE39A3CBB3}.Release|Any CPU.Build.0 = Release|Any CPU
	EndGlobalSection
	GlobalSection(SolutionProperties) = preSolution
		HideSolutionNode = FALSE
	EndGlobalSection
EndGlobal
